{
  "version": 4,
  "terraform_version": "1.10.3",
  "serial": 78,
  "lineage": "61ef5025-2718-ede1-1b5a-249e33efb173",
  "outputs": {
    "frontend_lb_ip": {
      "value": "34.13.74.219",
      "type": "string"
    },
    "ksa_name": {
      "value": "quick-notes-dev-ksa",
      "type": "string"
    },
    "repo_url": {
      "value": "me-west1-docker.pkg.dev/valiant-realm-458909-q7/quick-notes-dev-repo",
      "type": "string"
    }
  },
  "resources": [
    {
      "mode": "data",
      "type": "google_client_config",
      "name": "default",
      "provider": "provider[\"registry.terraform.io/hashicorp/google\"]",
      "instances": [
        {
          "schema_version": 0,
          "attributes": {
            "access_token": "ya29.c.c0ASRK0GZhExcNGhAwnm4J3D5TlKSuxnbf02HTWDQvFAYVBNwqHKwA_CpCoq2wDWN0-XPK5wcvrs6AoqN04r57nU7pU7T7qosXhRT-hYSiY3TGofohpUVsae9jO0bqIL01nju6UIceg5mrAEpQ1ftqB-siDq-Kp87oV9rQhinUe9gk7K6Od34HkHBZpd-Bh-WCTp8VeTqylxFZMUgUDNv9YU4YNGRYDv740KA-WR1Wo2RhsNnn_q5AqsAdihsSUGDVqjJMoALVMG4woZgLkDklSIVEj9Wa27GjJj4D7gz83qzWYiWeoyj9P6evPHilw0AV6899V5DI1z2I9zExoWBVcGSDHzGJfJfwJM9TpLGjCtWk-YrLOY69sxp8zmgT388D76SdwJoBZm-MQRcyho4dpZIx0VZtt2raoqaXgs-F2RwQ99pns3bwpnhQm4vyzuJOOkxyZ0fqd8Rrykmk0FppJbXgvQ2XRe6trkyJQdc7IX92wa8Igp1uSYOVVpfvbm2hFQBj9ucIqjj94odQfoB7FUQwfca0lxa7Vo6uFkMtMdrvrJMU7JZ7FkItbyi1kbgJF6YkFa1JvQgIbm39wc2Z5J_qiQzFXVqabys2Oz84qp4RhsjiUdzUpa6yFM1x-0YUeuVIMRB9aMj2g3yvVz7l5wow-wiYgyJ2jnl78r29WOvf9bht7Fh7QXvppb5Y0Ox9hp86r7locfyMwlfF528b2q1x_t5k257sQ5kB5wXs2mw4Rrzq7O-3gOSloeZ6IB9it0lyYzgSkcj9BJy-28_tu0-M6Ry2M8j0b46rt7w7M6Sji-s_co7zvoc2e_-OVIIYhslUqYWlVFWaVcsoBkQzW0F3wfi69y_pS2Jmjys9kxcXwts0Rxvp_tjMl_6RM_Vw4g6Ja-I76iqb4RicWfMJ32S5Qojilzo7gwhzyu8Jgsla4eXJFBm7Fp5JWMi0pox8XVwy8nr2wJxZ09b4uU-OFbYVqJO_BR1J-tV0BIsOtSZtt_po28zrbvQ",
            "default_labels": {},
            "id": "projects/valiant-realm-458909-q7/regions/me-west1/zones/",
            "project": "valiant-realm-458909-q7",
            "region": "me-west1",
            "zone": ""
          },
          "sensitive_attributes": [
            [
              {
                "type": "get_attr",
                "value": "access_token"
              }
            ]
          ]
        }
      ]
    },
    {
      "module": "module.apis",
      "mode": "managed",
      "type": "google_project_service",
      "name": "enable_apis",
      "provider": "provider[\"registry.terraform.io/hashicorp/google\"]",
      "instances": [
        {
          "index_key": "artifactregistry.googleapis.com",
          "schema_version": 0,
          "attributes": {
            "disable_dependent_services": null,
            "disable_on_destroy": false,
            "id": "valiant-realm-458909-q7/artifactregistry.googleapis.com",
            "project": "valiant-realm-458909-q7",
            "service": "artifactregistry.googleapis.com",
            "timeouts": null
          },
          "sensitive_attributes": [],
          "private": "eyJlMmJmYjczMC1lY2FhLTExZTYtOGY4OC0zNDM2M2JjN2M0YzAiOnsiY3JlYXRlIjoxMjAwMDAwMDAwMDAwLCJkZWxldGUiOjEyMDAwMDAwMDAwMDAsInJlYWQiOjYwMDAwMDAwMDAwMCwidXBkYXRlIjoxMjAwMDAwMDAwMDAwfX0="
        },
        {
          "index_key": "cloudresourcemanager.googleapis.com",
          "schema_version": 0,
          "attributes": {
            "disable_dependent_services": null,
            "disable_on_destroy": false,
            "id": "valiant-realm-458909-q7/cloudresourcemanager.googleapis.com",
            "project": "valiant-realm-458909-q7",
            "service": "cloudresourcemanager.googleapis.com",
            "timeouts": null
          },
          "sensitive_attributes": [],
          "private": "eyJlMmJmYjczMC1lY2FhLTExZTYtOGY4OC0zNDM2M2JjN2M0YzAiOnsiY3JlYXRlIjoxMjAwMDAwMDAwMDAwLCJkZWxldGUiOjEyMDAwMDAwMDAwMDAsInJlYWQiOjYwMDAwMDAwMDAwMCwidXBkYXRlIjoxMjAwMDAwMDAwMDAwfX0="
        },
        {
          "index_key": "container.googleapis.com",
          "schema_version": 0,
          "attributes": {
            "disable_dependent_services": null,
            "disable_on_destroy": false,
            "id": "valiant-realm-458909-q7/container.googleapis.com",
            "project": "valiant-realm-458909-q7",
            "service": "container.googleapis.com",
            "timeouts": null
          },
          "sensitive_attributes": [],
          "private": "eyJlMmJmYjczMC1lY2FhLTExZTYtOGY4OC0zNDM2M2JjN2M0YzAiOnsiY3JlYXRlIjoxMjAwMDAwMDAwMDAwLCJkZWxldGUiOjEyMDAwMDAwMDAwMDAsInJlYWQiOjYwMDAwMDAwMDAwMCwidXBkYXRlIjoxMjAwMDAwMDAwMDAwfX0="
        },
        {
          "index_key": "iam.googleapis.com",
          "schema_version": 0,
          "attributes": {
            "disable_dependent_services": null,
            "disable_on_destroy": false,
            "id": "valiant-realm-458909-q7/iam.googleapis.com",
            "project": "valiant-realm-458909-q7",
            "service": "iam.googleapis.com",
            "timeouts": null
          },
          "sensitive_attributes": [],
          "private": "eyJlMmJmYjczMC1lY2FhLTExZTYtOGY4OC0zNDM2M2JjN2M0YzAiOnsiY3JlYXRlIjoxMjAwMDAwMDAwMDAwLCJkZWxldGUiOjEyMDAwMDAwMDAwMDAsInJlYWQiOjYwMDAwMDAwMDAwMCwidXBkYXRlIjoxMjAwMDAwMDAwMDAwfX0="
        }
      ]
    },
    {
      "module": "module.artifact_registry",
      "mode": "managed",
      "type": "google_artifact_registry_repository",
      "name": "docker_repo",
      "provider": "provider[\"registry.terraform.io/hashicorp/google\"]",
      "instances": [
        {
          "schema_version": 0,
          "attributes": {
            "cleanup_policies": [],
            "cleanup_policy_dry_run": false,
            "create_time": "2025-05-05T10:43:47.295534Z",
            "description": "Docker repository for the app images",
            "docker_config": [],
            "effective_labels": {
              "goog-terraform-provisioned": "true"
            },
            "format": "DOCKER",
            "id": "projects/valiant-realm-458909-q7/locations/me-west1/repositories/quick-notes-dev-repo",
            "kms_key_name": "",
            "labels": {},
            "location": "me-west1",
            "maven_config": [],
            "mode": "STANDARD_REPOSITORY",
            "name": "quick-notes-dev-repo",
            "project": "valiant-realm-458909-q7",
            "remote_repository_config": [],
            "repository_id": "quick-notes-dev-repo",
            "terraform_labels": {
              "goog-terraform-provisioned": "true"
            },
            "timeouts": null,
            "update_time": "2025-05-25T10:19:38.671532Z",
            "virtual_repository_config": [],
            "vulnerability_scanning_config": [
              {
                "enablement_config": "",
                "enablement_state": "SCANNING_DISABLED",
                "enablement_state_reason": "API containerscanning.googleapis.com is not enabled."
              }
            ]
          },
          "sensitive_attributes": [],
          "private": "eyJlMmJmYjczMC1lY2FhLTExZTYtOGY4OC0zNDM2M2JjN2M0YzAiOnsiY3JlYXRlIjoxMjAwMDAwMDAwMDAwLCJkZWxldGUiOjEyMDAwMDAwMDAwMDAsInVwZGF0ZSI6MTIwMDAwMDAwMDAwMH19",
          "dependencies": [
            "module.apis.google_project_service.enable_apis"
          ]
        }
      ]
    },
    {
      "module": "module.iam",
      "mode": "managed",
      "type": "google_artifact_registry_repository_iam_member",
      "name": "gke_artifact_access",
      "provider": "provider[\"registry.terraform.io/hashicorp/google\"]",
      "instances": [
        {
          "schema_version": 0,
          "attributes": {
            "condition": [],
            "etag": "BwY027z7cVY=",
            "id": "projects/valiant-realm-458909-q7/locations/me-west1/repositories/quick-notes-dev-repo/roles/artifactregistry.reader/serviceAccount:quick-notes-dev-gke-sa@valiant-realm-458909-q7.iam.gserviceaccount.com",
            "location": "me-west1",
            "member": "serviceAccount:quick-notes-dev-gke-sa@valiant-realm-458909-q7.iam.gserviceaccount.com",
            "project": "valiant-realm-458909-q7",
            "repository": "projects/valiant-realm-458909-q7/locations/me-west1/repositories/quick-notes-dev-repo",
            "role": "roles/artifactregistry.reader"
          },
          "sensitive_attributes": [],
          "private": "bnVsbA==",
          "dependencies": [
            "module.apis.google_project_service.enable_apis",
            "module.artifact_registry.google_artifact_registry_repository.docker_repo",
            "module.iam.google_service_account.gke_sa"
          ]
        }
      ]
    },
    {
      "module": "module.iam",
      "mode": "managed",
      "type": "google_service_account",
      "name": "gke_sa",
      "provider": "provider[\"registry.terraform.io/hashicorp/google\"]",
      "instances": [
        {
          "schema_version": 0,
          "attributes": {
            "account_id": "quick-notes-dev-gke-sa",
            "create_ignore_already_exists": null,
            "description": "",
            "disabled": false,
            "display_name": "GKE Node Service Account",
            "email": "quick-notes-dev-gke-sa@valiant-realm-458909-q7.iam.gserviceaccount.com",
            "id": "projects/valiant-realm-458909-q7/serviceAccounts/quick-notes-dev-gke-sa@valiant-realm-458909-q7.iam.gserviceaccount.com",
            "member": "serviceAccount:quick-notes-dev-gke-sa@valiant-realm-458909-q7.iam.gserviceaccount.com",
            "name": "projects/valiant-realm-458909-q7/serviceAccounts/quick-notes-dev-gke-sa@valiant-realm-458909-q7.iam.gserviceaccount.com",
            "project": "valiant-realm-458909-q7",
            "timeouts": null,
            "unique_id": "102779538080546993070"
          },
          "sensitive_attributes": [],
          "private": "eyJlMmJmYjczMC1lY2FhLTExZTYtOGY4OC0zNDM2M2JjN2M0YzAiOnsiY3JlYXRlIjozMDAwMDAwMDAwMDB9fQ==",
          "dependencies": [
            "module.apis.google_project_service.enable_apis"
          ]
        }
      ]
    },
    {
      "module": "module.iam",
      "mode": "managed",
      "type": "google_service_account_iam_member",
      "name": "workload_identity_binding",
      "provider": "provider[\"registry.terraform.io/hashicorp/google\"]",
      "instances": [
        {
          "schema_version": 0,
          "attributes": {
            "condition": [],
            "etag": "BwY1FMLOfKA=",
            "id": "projects/valiant-realm-458909-q7/serviceAccounts/quick-notes-dev-gke-sa@valiant-realm-458909-q7.iam.gserviceaccount.com/roles/iam.workloadIdentityUser/serviceAccount:valiant-realm-458909-q7.svc.id.goog[quick-notes-dev/quick-notes-dev-ksa]",
            "member": "serviceAccount:valiant-realm-458909-q7.svc.id.goog[quick-notes-dev/quick-notes-dev-ksa]",
            "role": "roles/iam.workloadIdentityUser",
            "service_account_id": "projects/valiant-realm-458909-q7/serviceAccounts/quick-notes-dev-gke-sa@valiant-realm-458909-q7.iam.gserviceaccount.com"
          },
          "sensitive_attributes": [],
          "private": "bnVsbA==",
          "dependencies": [
            "module.apis.google_project_service.enable_apis",
            "module.iam.google_service_account.gke_sa"
          ]
        }
      ]
    },
    {
      "module": "module.networking",
      "mode": "managed",
      "type": "google_compute_global_address",
      "name": "frontend_lb_ip",
      "provider": "provider[\"registry.terraform.io/hashicorp/google\"]",
      "instances": [
        {
          "schema_version": 0,
          "attributes": {
            "address": "34.13.74.219",
            "address_type": "EXTERNAL",
            "creation_timestamp": "2025-05-14T01:58:52.335-07:00",
            "description": "",
            "effective_labels": {
              "goog-terraform-provisioned": "true"
            },
            "id": "projects/valiant-realm-458909-q7/global/addresses/quick-notes-dev-lb-ip",
            "ip_version": "",
            "label_fingerprint": "vezUS-42LLM=",
            "labels": {},
            "name": "quick-notes-dev-lb-ip",
            "network": "",
            "prefix_length": 0,
            "project": "valiant-realm-458909-q7",
            "purpose": "",
            "self_link": "https://www.googleapis.com/compute/v1/projects/valiant-realm-458909-q7/global/addresses/quick-notes-dev-lb-ip",
            "terraform_labels": {
              "goog-terraform-provisioned": "true"
            },
            "timeouts": null
          },
          "sensitive_attributes": [],
          "private": "eyJlMmJmYjczMC1lY2FhLTExZTYtOGY4OC0zNDM2M2JjN2M0YzAiOnsiY3JlYXRlIjoxMjAwMDAwMDAwMDAwLCJkZWxldGUiOjEyMDAwMDAwMDAwMDAsInVwZGF0ZSI6MTIwMDAwMDAwMDAwMH19",
          "dependencies": [
            "module.apis.google_project_service.enable_apis"
          ]
        }
      ]
    },
    {
      "module": "module.networking",
      "mode": "managed",
      "type": "google_compute_network",
      "name": "vpc",
      "provider": "provider[\"registry.terraform.io/hashicorp/google\"]",
      "instances": [
        {
          "schema_version": 0,
          "attributes": {
            "auto_create_subnetworks": false,
            "bgp_always_compare_med": false,
            "bgp_best_path_selection_mode": "LEGACY",
            "bgp_inter_region_cost": "",
            "delete_default_routes_on_create": false,
            "description": "",
            "enable_ula_internal_ipv6": false,
            "gateway_ipv4": "",
            "id": "projects/valiant-realm-458909-q7/global/networks/quick-notes-dev-vpc",
            "internal_ipv6_range": "",
            "mtu": 0,
            "name": "quick-notes-dev-vpc",
            "network_firewall_policy_enforcement_order": "AFTER_CLASSIC_FIREWALL",
            "network_id": "2310507046114933412",
            "network_profile": "",
            "numeric_id": "2310507046114933412",
            "project": "valiant-realm-458909-q7",
            "routing_mode": "REGIONAL",
            "self_link": "https://www.googleapis.com/compute/v1/projects/valiant-realm-458909-q7/global/networks/quick-notes-dev-vpc",
            "timeouts": null
          },
          "sensitive_attributes": [],
          "private": "eyJlMmJmYjczMC1lY2FhLTExZTYtOGY4OC0zNDM2M2JjN2M0YzAiOnsiY3JlYXRlIjoxMjAwMDAwMDAwMDAwLCJkZWxldGUiOjEyMDAwMDAwMDAwMDAsInVwZGF0ZSI6MTIwMDAwMDAwMDAwMH19",
          "dependencies": [
            "module.apis.google_project_service.enable_apis"
          ]
        }
      ]
    },
    {
      "module": "module.networking",
      "mode": "managed",
      "type": "google_compute_subnetwork",
      "name": "subnet",
      "provider": "provider[\"registry.terraform.io/hashicorp/google\"]",
      "instances": [
        {
          "schema_version": 0,
          "attributes": {
            "creation_timestamp": "2025-05-06T06:03:43.761-07:00",
            "description": "",
            "external_ipv6_prefix": "2600:1901:8160:639:0:0:0:0/64",
            "fingerprint": null,
            "gateway_address": "10.0.1.1",
            "id": "projects/valiant-realm-458909-q7/regions/me-west1/subnetworks/quick-notes-dev-subnet",
            "internal_ipv6_prefix": "",
            "ip_cidr_range": "10.0.1.0/24",
            "ipv6_access_type": "EXTERNAL",
            "ipv6_cidr_range": "",
            "log_config": [],
            "name": "quick-notes-dev-subnet",
            "network": "https://www.googleapis.com/compute/v1/projects/valiant-realm-458909-q7/global/networks/quick-notes-dev-vpc",
            "private_ip_google_access": true,
            "private_ipv6_google_access": "DISABLE_GOOGLE_ACCESS",
            "project": "valiant-realm-458909-q7",
            "purpose": "PRIVATE",
            "region": "me-west1",
            "reserved_internal_range": "",
            "role": "",
            "secondary_ip_range": [
              {
                "ip_cidr_range": "10.20.0.0/16",
                "range_name": "pods-range",
                "reserved_internal_range": ""
              },
              {
                "ip_cidr_range": "10.2.0.0/20",
                "range_name": "services-range",
                "reserved_internal_range": ""
              }
            ],
            "self_link": "https://www.googleapis.com/compute/v1/projects/valiant-realm-458909-q7/regions/me-west1/subnetworks/quick-notes-dev-subnet",
            "send_secondary_ip_range_if_empty": null,
            "stack_type": "IPV4_IPV6",
            "subnetwork_id": -1229474240,
            "timeouts": null
          },
          "sensitive_attributes": [],
          "private": "eyJlMmJmYjczMC1lY2FhLTExZTYtOGY4OC0zNDM2M2JjN2M0YzAiOnsiY3JlYXRlIjoxMjAwMDAwMDAwMDAwLCJkZWxldGUiOjEyMDAwMDAwMDAwMDAsInVwZGF0ZSI6MTIwMDAwMDAwMDAwMH19",
          "dependencies": [
            "module.apis.google_project_service.enable_apis",
            "module.networking.google_compute_network.vpc"
          ]
        }
      ]
    }
  ],
  "check_results": null
}
